
Microsoft Visual Studio Solution File, Format Version 12.00
# Visual Studio 2012
Project("{FAE04EC0-301F-11D3-BF4B-00C04F79EFBC}") = "ShowInfo", "ShowInfo\ShowInfo.csproj", "{44FC61F4-5E7F-484E-84FA-84C2931FFF57}"
EndProject
Project("{FAE04EC0-301F-11D3-BF4B-00C04F79EFBC}") = "ShowInfoProvider", "ShowInfoProvider\ShowInfoProvider.csproj", "{9F4E4955-1EC1-49F7-AF33-E0A03BF140BC}"
EndProject
Project("{FAE04EC0-301F-11D3-BF4B-00C04F79EFBC}") = "ShowInfo.Tests", "ShowInfo.Tests\ShowInfo.Tests.csproj", "{1F296D99-7094-4043-9C22-94FA750F806B}"
EndProject
Project("{2150E333-8FDC-42A3-9474-1A3956D46DE8}") = "Providers", "Providers", "{82DEA3C3-E9F4-449C-AA35-EA5C727139F1}"
EndProject
Project("{FAE04EC0-301F-11D3-BF4B-00C04F79EFBC}") = "RoviShowInfo", "RoviShowInfo\RoviShowInfo.csproj", "{8CAC2C7B-B9A2-478A-B71F-45146DA09B8A}"
EndProject
Global
	GlobalSection(SolutionConfigurationPlatforms) = preSolution
		Debug|Any CPU = Debug|Any CPU
		Release|Any CPU = Release|Any CPU
	EndGlobalSection
	GlobalSection(ProjectConfigurationPlatforms) = postSolution
		{44FC61F4-5E7F-484E-84FA-84C2931FFF57}.Debug|Any CPU.ActiveCfg = Debug|Any CPU
		{44FC61F4-5E7F-484E-84FA-84C2931FFF57}.Debug|Any CPU.Build.0 = Debug|Any CPU
		{44FC61F4-5E7F-484E-84FA-84C2931FFF57}.Release|Any CPU.ActiveCfg = Release|Any CPU
		{44FC61F4-5E7F-484E-84FA-84C2931FFF57}.Release|Any CPU.Build.0 = Release|Any CPU
		{9F4E4955-1EC1-49F7-AF33-E0A03BF140BC}.Debug|Any CPU.ActiveCfg = Debug|Any CPU
		{9F4E4955-1EC1-49F7-AF33-E0A03BF140BC}.Debug|Any CPU.Build.0 = Debug|Any CPU
		{9F4E4955-1EC1-49F7-AF33-E0A03BF140BC}.Release|Any CPU.ActiveCfg = Release|Any CPU
		{9F4E4955-1EC1-49F7-AF33-E0A03BF140BC}.Release|Any CPU.Build.0 = Release|Any CPU
		{1F296D99-7094-4043-9C22-94FA750F806B}.Debug|Any CPU.ActiveCfg = Debug|Any CPU
		{1F296D99-7094-4043-9C22-94FA750F806B}.Debug|Any CPU.Build.0 = Debug|Any CPU
		{1F296D99-7094-4043-9C22-94FA750F806B}.Release|Any CPU.ActiveCfg = Release|Any CPU
		{1F296D99-7094-4043-9C22-94FA750F806B}.Release|Any CPU.Build.0 = Release|Any CPU
		{8CAC2C7B-B9A2-478A-B71F-45146DA09B8A}.Debug|Any CPU.ActiveCfg = Debug|Any CPU
		{8CAC2C7B-B9A2-478A-B71F-45146DA09B8A}.Debug|Any CPU.Build.0 = Debug|Any CPU
		{8CAC2C7B-B9A2-478A-B71F-45146DA09B8A}.Release|Any CPU.ActiveCfg = Release|Any CPU
		{8CAC2C7B-B9A2-478A-B71F-45146DA09B8A}.Release|Any CPU.Build.0 = Release|Any CPU
	EndGlobalSection
	GlobalSection(SolutionProperties) = preSolution
		HideSolutionNode = FALSE
	EndGlobalSection
	GlobalSection(NestedProjects) = preSolution
		{8CAC2C7B-B9A2-478A-B71F-45146DA09B8A} = {82DEA3C3-E9F4-449C-AA35-EA5C727139F1}
	EndGlobalSection
EndGlobal
