
Microsoft Visual Studio Solution File, Format Version 12.00
# Visual Studio 14
VisualStudioVersion = 14.0.25420.1
MinimumVisualStudioVersion = 10.0.40219.1
Project("{2150E333-8FDC-42A3-9474-1A3956D46DE8}") = "Providers", "Providers", "{82DEA3C3-E9F4-449C-AA35-EA5C727139F1}"
EndProject
Project("{2150E333-8FDC-42A3-9474-1A3956D46DE8}") = ".nuget", ".nuget", "{9B89A509-3C72-4C77-BC8A-3708541555EE}"
	ProjectSection(SolutionItems) = preProject
		.nuget\NuGet.Config = .nuget\NuGet.Config
		.nuget\NuGet.exe = .nuget\NuGet.exe
		.nuget\NuGet.targets = .nuget\NuGet.targets
	EndProjectSection
EndProject
Project("{2150E333-8FDC-42A3-9474-1A3956D46DE8}") = "Core", "Core", "{EC27491D-60DE-4A52-91DE-99DDB35C9357}"
EndProject
Project("{8BB2217D-0F2D-49D1-97BC-3654ED321F3B}") = "ShowInfo", "ShowInfo\ShowInfo.xproj", "{1523078C-7398-480F-901B-8BED9971FB2F}"
EndProject
Project("{8BB2217D-0F2D-49D1-97BC-3654ED321F3B}") = "ShowInfoProvider", "ShowInfoProvider\ShowInfoProvider.xproj", "{60046E31-DCA6-4EC8-BDE3-2C44626ED99A}"
EndProject
Project("{8BB2217D-0F2D-49D1-97BC-3654ED321F3B}") = "TheTVDBShowInfo", "TheTVDBShowInfo\TheTVDBShowInfo.xproj", "{3D41D4B0-657E-4378-882A-D5FEB6647A5C}"
EndProject
Project("{8BB2217D-0F2D-49D1-97BC-3654ED321F3B}") = "ShowInfo.Tests", "ShowInfo.Tests\ShowInfo.Tests.xproj", "{0B96C07A-6B32-4266-8476-10386FB3E279}"
EndProject
Global
	GlobalSection(SolutionConfigurationPlatforms) = preSolution
		Debug|Any CPU = Debug|Any CPU
		Release|Any CPU = Release|Any CPU
	EndGlobalSection
	GlobalSection(ProjectConfigurationPlatforms) = postSolution
		{1523078C-7398-480F-901B-8BED9971FB2F}.Debug|Any CPU.ActiveCfg = Debug|Any CPU
		{1523078C-7398-480F-901B-8BED9971FB2F}.Debug|Any CPU.Build.0 = Debug|Any CPU
		{1523078C-7398-480F-901B-8BED9971FB2F}.Release|Any CPU.ActiveCfg = Release|Any CPU
		{1523078C-7398-480F-901B-8BED9971FB2F}.Release|Any CPU.Build.0 = Release|Any CPU
		{60046E31-DCA6-4EC8-BDE3-2C44626ED99A}.Debug|Any CPU.ActiveCfg = Debug|Any CPU
		{60046E31-DCA6-4EC8-BDE3-2C44626ED99A}.Debug|Any CPU.Build.0 = Debug|Any CPU
		{60046E31-DCA6-4EC8-BDE3-2C44626ED99A}.Release|Any CPU.ActiveCfg = Release|Any CPU
		{60046E31-DCA6-4EC8-BDE3-2C44626ED99A}.Release|Any CPU.Build.0 = Release|Any CPU
		{3D41D4B0-657E-4378-882A-D5FEB6647A5C}.Debug|Any CPU.ActiveCfg = Debug|Any CPU
		{3D41D4B0-657E-4378-882A-D5FEB6647A5C}.Debug|Any CPU.Build.0 = Debug|Any CPU
		{3D41D4B0-657E-4378-882A-D5FEB6647A5C}.Release|Any CPU.ActiveCfg = Release|Any CPU
		{3D41D4B0-657E-4378-882A-D5FEB6647A5C}.Release|Any CPU.Build.0 = Release|Any CPU
		{0B96C07A-6B32-4266-8476-10386FB3E279}.Debug|Any CPU.ActiveCfg = Debug|Any CPU
		{0B96C07A-6B32-4266-8476-10386FB3E279}.Debug|Any CPU.Build.0 = Debug|Any CPU
		{0B96C07A-6B32-4266-8476-10386FB3E279}.Release|Any CPU.ActiveCfg = Release|Any CPU
		{0B96C07A-6B32-4266-8476-10386FB3E279}.Release|Any CPU.Build.0 = Release|Any CPU
	EndGlobalSection
	GlobalSection(SolutionProperties) = preSolution
		HideSolutionNode = FALSE
	EndGlobalSection
	GlobalSection(NestedProjects) = preSolution
		{3D41D4B0-657E-4378-882A-D5FEB6647A5C} = {82DEA3C3-E9F4-449C-AA35-EA5C727139F1}
	EndGlobalSection
EndGlobal
